
Microsoft Visual Studio Solution File, Format Version 12.00
# Visual Studio Version 17
VisualStudioVersion = 17.14.36327.8
MinimumVisualStudioVersion = 10.0.40219.1
Project("{2150E333-8FDC-42A3-9474-1A3956D46DE8}") = "SolutionItems", "SolutionItems", "{02EA681E-C7D8-13C7-8484-4AC65E1B71E8}"
	ProjectSection(SolutionItems) = preProject
		.gitattributes = .gitattributes
		.gitignore = .gitignore
		LICENSE.txt = LICENSE.txt
		README.md = README.md
	EndProjectSection
EndProject
Project("{888888A0-9F3D-457C-B088-3A5042F75D52}") = "politgraph.py", "politgraph.py\politgraph.py.pyproj", "{B0858409-976B-42E2-A228-BEDD79E67FAD}"
EndProject
Project("{FAE04EC0-301F-11D3-BF4B-00C04F79EFBC}") = "politgraph.ui", "politgraph.ui\politgraph.ui.csproj", "{37509620-7BC2-43F1-8372-AEDFC384E0AB}"
EndProject
Project("{FAE04EC0-301F-11D3-BF4B-00C04F79EFBC}") = "politgraph.lib", "politgraph.lib\politgraph.lib.csproj", "{FE241861-5378-4DEF-996B-30FD454E73E5}"
EndProject
Global
	GlobalSection(SolutionConfigurationPlatforms) = preSolution
		Debug|Any CPU = Debug|Any CPU
		Release|Any CPU = Release|Any CPU
	EndGlobalSection
	GlobalSection(ProjectConfigurationPlatforms) = postSolution
		{B0858409-976B-42E2-A228-BEDD79E67FAD}.Debug|Any CPU.ActiveCfg = Debug|Any CPU
		{B0858409-976B-42E2-A228-BEDD79E67FAD}.Release|Any CPU.ActiveCfg = Release|Any CPU
		{37509620-7BC2-43F1-8372-AEDFC384E0AB}.Debug|Any CPU.ActiveCfg = Debug|Any CPU
		{37509620-7BC2-43F1-8372-AEDFC384E0AB}.Debug|Any CPU.Build.0 = Debug|Any CPU
		{37509620-7BC2-43F1-8372-AEDFC384E0AB}.Release|Any CPU.ActiveCfg = Release|Any CPU
		{37509620-7BC2-43F1-8372-AEDFC384E0AB}.Release|Any CPU.Build.0 = Release|Any CPU
		{FE241861-5378-4DEF-996B-30FD454E73E5}.Debug|Any CPU.ActiveCfg = Debug|Any CPU
		{FE241861-5378-4DEF-996B-30FD454E73E5}.Debug|Any CPU.Build.0 = Debug|Any CPU
		{FE241861-5378-4DEF-996B-30FD454E73E5}.Release|Any CPU.ActiveCfg = Release|Any CPU
		{FE241861-5378-4DEF-996B-30FD454E73E5}.Release|Any CPU.Build.0 = Release|Any CPU
	EndGlobalSection
	GlobalSection(SolutionProperties) = preSolution
		HideSolutionNode = FALSE
	EndGlobalSection
	GlobalSection(ExtensibilityGlobals) = postSolution
		SolutionGuid = {8A394F73-F920-4E13-B108-424B9450E57C}
	EndGlobalSection
EndGlobal
